
Microsoft Visual Studio Solution File, Format Version 12.00
# Visual Studio Version 17
VisualStudioVersion = 17.9.34607.119
MinimumVisualStudioVersion = 10.0.40219.1
Project("{FAE04EC0-301F-11D3-BF4B-00C04F79EFBC}") = "L01_2021DD601", "L01_2021DD601\L01_2021DD601.csproj", "{381D3BC5-C716-4532-82F5-6111D27AECFE}"
EndProject
Global
	GlobalSection(SolutionConfigurationPlatforms) = preSolution
		Debug|Any CPU = Debug|Any CPU
		Release|Any CPU = Release|Any CPU
	EndGlobalSection
	GlobalSection(ProjectConfigurationPlatforms) = postSolution
		{381D3BC5-C716-4532-82F5-6111D27AECFE}.Debug|Any CPU.ActiveCfg = Debug|Any CPU
		{381D3BC5-C716-4532-82F5-6111D27AECFE}.Debug|Any CPU.Build.0 = Debug|Any CPU
		{381D3BC5-C716-4532-82F5-6111D27AECFE}.Release|Any CPU.ActiveCfg = Release|Any CPU
		{381D3BC5-C716-4532-82F5-6111D27AECFE}.Release|Any CPU.Build.0 = Release|Any CPU
	EndGlobalSection
	GlobalSection(SolutionProperties) = preSolution
		HideSolutionNode = FALSE
	EndGlobalSection
	GlobalSection(ExtensibilityGlobals) = postSolution
		SolutionGuid = {D5B0FF9B-B709-43F5-BBC1-BC13ADBC762E}
	EndGlobalSection
EndGlobal
